// !$*UTF8*$!
{
	archiveVersion = 1;
	classes = {
	};
	objectVersion = 55;
	objects = {

/* Begin PBXBuildFile section */
		C71B53512B8EA05F00D2E06E /* CardButton.swift in Sources */ = {isa = PBXBuildFile; fileRef = C71B53502B8EA05F00D2E06E /* CardButton.swift */; };
		C71B53532B9196D600D2E06E /* PriceSelectionView.swift in Sources */ = {isa = PBXBuildFile; fileRef = C71B53522B9196D600D2E06E /* PriceSelectionView.swift */; };
		C728F7AC2BA37BE200A5E1E1 /* ProgressBar.swift in Sources */ = {isa = PBXBuildFile; fileRef = C728F7AB2BA37BE200A5E1E1 /* ProgressBar.swift */; };
		C728F7AF2BA4B6D900A5E1E1 /* Constants.swift in Sources */ = {isa = PBXBuildFile; fileRef = C728F7AE2BA4B6D900A5E1E1 /* Constants.swift */; };
		C749CDA62BA8967400E0F9E0 /* LoadingScreen.swift in Sources */ = {isa = PBXBuildFile; fileRef = C749CDA52BA8967400E0F9E0 /* LoadingScreen.swift */; };
		C76BDBFF2B8547FE00942503 /* SelectionView.swift in Sources */ = {isa = PBXBuildFile; fileRef = C76BDBFE2B8547FE00942503 /* SelectionView.swift */; };
		C76D6A962B891F0200058C66 /* DisplayResults.swift in Sources */ = {isa = PBXBuildFile; fileRef = C76D6A952B891F0200058C66 /* DisplayResults.swift */; };
		C77ED7262B7EF17600840A4A /* FoodGamewApp.swift in Sources */ = {isa = PBXBuildFile; fileRef = C77ED7252B7EF17600840A4A /* FoodGamewApp.swift */; };
		C77ED7282B7EF17600840A4A /* ContentView.swift in Sources */ = {isa = PBXBuildFile; fileRef = C77ED7272B7EF17600840A4A /* ContentView.swift */; };
		C77ED72A2B7EF17800840A4A /* Assets.xcassets in Resources */ = {isa = PBXBuildFile; fileRef = C77ED7292B7EF17800840A4A /* Assets.xcassets */; };
		C77ED72D2B7EF17800840A4A /* Preview Assets.xcassets in Resources */ = {isa = PBXBuildFile; fileRef = C77ED72C2B7EF17800840A4A /* Preview Assets.xcassets */; };
		C77ED7372B7EF17800840A4A /* FoodGamewTests.swift in Sources */ = {isa = PBXBuildFile; fileRef = C77ED7362B7EF17800840A4A /* FoodGamewTests.swift */; };
		C77ED7412B7EF17800840A4A /* FoodGamewUITests.swift in Sources */ = {isa = PBXBuildFile; fileRef = C77ED7402B7EF17800840A4A /* FoodGamewUITests.swift */; };
		C77ED7432B7EF17800840A4A /* FoodGamewUITestsLaunchTests.swift in Sources */ = {isa = PBXBuildFile; fileRef = C77ED7422B7EF17800840A4A /* FoodGamewUITestsLaunchTests.swift */; };
		C7C161B52B869DB4006871EB /* QuestionView.swift in Sources */ = {isa = PBXBuildFile; fileRef = C7C161B42B869DB4006871EB /* QuestionView.swift */; };
		C7C161B82B86A053006871EB /* Restaurant.swift in Sources */ = {isa = PBXBuildFile; fileRef = C7C161B72B86A053006871EB /* Restaurant.swift */; };
		C7C161BA2B86A43D006871EB /* Network.swift in Sources */ = {isa = PBXBuildFile; fileRef = C7C161B92B86A43D006871EB /* Network.swift */; };
		C7C161BE2B86AC9D006871EB /* Question.swift in Sources */ = {isa = PBXBuildFile; fileRef = C7C161BD2B86AC9D006871EB /* Question.swift */; };
		C7C161C02B86ADA5006871EB /* GameCard.swift in Sources */ = {isa = PBXBuildFile; fileRef = C7C161BF2B86ADA5006871EB /* GameCard.swift */; };
		C7C161C22B86B103006871EB /* CategoryItem.swift in Sources */ = {isa = PBXBuildFile; fileRef = C7C161C12B86B103006871EB /* CategoryItem.swift */; };
		C7C161CC2B87E84D006871EB /* Businesses.swift in Sources */ = {isa = PBXBuildFile; fileRef = C7C161CB2B87E84D006871EB /* Businesses.swift */; };
		C7C960CD2B95A342009EB190 /* Error.swift in Sources */ = {isa = PBXBuildFile; fileRef = C7C960CC2B95A342009EB190 /* Error.swift */; };
		C7C960CF2B95A38F009EB190 /* headerSelectionView.swift in Sources */ = {isa = PBXBuildFile; fileRef = C7C960CE2B95A38F009EB190 /* headerSelectionView.swift */; };
/* End PBXBuildFile section */

/* Begin PBXContainerItemProxy section */
		C77ED7332B7EF17800840A4A /* PBXContainerItemProxy */ = {
			isa = PBXContainerItemProxy;
			containerPortal = C77ED71A2B7EF17600840A4A /* Project object */;
			proxyType = 1;
			remoteGlobalIDString = C77ED7212B7EF17600840A4A;
			remoteInfo = FoodGamew;
		};
		C77ED73D2B7EF17800840A4A /* PBXContainerItemProxy */ = {
			isa = PBXContainerItemProxy;
			containerPortal = C77ED71A2B7EF17600840A4A /* Project object */;
			proxyType = 1;
			remoteGlobalIDString = C77ED7212B7EF17600840A4A;
			remoteInfo = FoodGamew;
		};
/* End PBXContainerItemProxy section */

/* Begin PBXFileReference section */
		C71B53502B8EA05F00D2E06E /* CardButton.swift */ = {isa = PBXFileReference; lastKnownFileType = sourcecode.swift; path = CardButton.swift; sourceTree = "<group>"; };
		C71B53522B9196D600D2E06E /* PriceSelectionView.swift */ = {isa = PBXFileReference; lastKnownFileType = sourcecode.swift; path = PriceSelectionView.swift; sourceTree = "<group>"; };
		C728F7AB2BA37BE200A5E1E1 /* ProgressBar.swift */ = {isa = PBXFileReference; lastKnownFileType = sourcecode.swift; path = ProgressBar.swift; sourceTree = "<group>"; };
		C728F7AE2BA4B6D900A5E1E1 /* Constants.swift */ = {isa = PBXFileReference; lastKnownFileType = sourcecode.swift; path = Constants.swift; sourceTree = "<group>"; };
		C749CDA52BA8967400E0F9E0 /* LoadingScreen.swift */ = {isa = PBXFileReference; lastKnownFileType = sourcecode.swift; path = LoadingScreen.swift; sourceTree = "<group>"; };
		C76BDBFE2B8547FE00942503 /* SelectionView.swift */ = {isa = PBXFileReference; lastKnownFileType = sourcecode.swift; path = SelectionView.swift; sourceTree = "<group>"; };
		C76D6A952B891F0200058C66 /* DisplayResults.swift */ = {isa = PBXFileReference; lastKnownFileType = sourcecode.swift; path = DisplayResults.swift; sourceTree = "<group>"; };
		C77ED7222B7EF17600840A4A /* FoodGamew.app */ = {isa = PBXFileReference; explicitFileType = wrapper.application; includeInIndex = 0; path = FoodGamew.app; sourceTree = BUILT_PRODUCTS_DIR; };
		C77ED7252B7EF17600840A4A /* FoodGamewApp.swift */ = {isa = PBXFileReference; lastKnownFileType = sourcecode.swift; path = FoodGamewApp.swift; sourceTree = "<group>"; };
		C77ED7272B7EF17600840A4A /* ContentView.swift */ = {isa = PBXFileReference; lastKnownFileType = sourcecode.swift; path = ContentView.swift; sourceTree = "<group>"; };
		C77ED7292B7EF17800840A4A /* Assets.xcassets */ = {isa = PBXFileReference; lastKnownFileType = folder.assetcatalog; path = Assets.xcassets; sourceTree = "<group>"; };
		C77ED72C2B7EF17800840A4A /* Preview Assets.xcassets */ = {isa = PBXFileReference; lastKnownFileType = folder.assetcatalog; path = "Preview Assets.xcassets"; sourceTree = "<group>"; };
		C77ED7322B7EF17800840A4A /* FoodGamewTests.xctest */ = {isa = PBXFileReference; explicitFileType = wrapper.cfbundle; includeInIndex = 0; path = FoodGamewTests.xctest; sourceTree = BUILT_PRODUCTS_DIR; };
		C77ED7362B7EF17800840A4A /* FoodGamewTests.swift */ = {isa = PBXFileReference; lastKnownFileType = sourcecode.swift; path = FoodGamewTests.swift; sourceTree = "<group>"; };
		C77ED73C2B7EF17800840A4A /* FoodGamewUITests.xctest */ = {isa = PBXFileReference; explicitFileType = wrapper.cfbundle; includeInIndex = 0; path = FoodGamewUITests.xctest; sourceTree = BUILT_PRODUCTS_DIR; };
		C77ED7402B7EF17800840A4A /* FoodGamewUITests.swift */ = {isa = PBXFileReference; lastKnownFileType = sourcecode.swift; path = FoodGamewUITests.swift; sourceTree = "<group>"; };
		C77ED7422B7EF17800840A4A /* FoodGamewUITestsLaunchTests.swift */ = {isa = PBXFileReference; lastKnownFileType = sourcecode.swift; path = FoodGamewUITestsLaunchTests.swift; sourceTree = "<group>"; };
		C7C161B42B869DB4006871EB /* QuestionView.swift */ = {isa = PBXFileReference; lastKnownFileType = sourcecode.swift; path = QuestionView.swift; sourceTree = "<group>"; };
		C7C161B72B86A053006871EB /* Restaurant.swift */ = {isa = PBXFileReference; lastKnownFileType = sourcecode.swift; path = Restaurant.swift; sourceTree = "<group>"; };
		C7C161B92B86A43D006871EB /* Network.swift */ = {isa = PBXFileReference; lastKnownFileType = sourcecode.swift; path = Network.swift; sourceTree = "<group>"; };
		C7C161BD2B86AC9D006871EB /* Question.swift */ = {isa = PBXFileReference; lastKnownFileType = sourcecode.swift; path = Question.swift; sourceTree = "<group>"; };
		C7C161BF2B86ADA5006871EB /* GameCard.swift */ = {isa = PBXFileReference; lastKnownFileType = sourcecode.swift; path = GameCard.swift; sourceTree = "<group>"; };
		C7C161C12B86B103006871EB /* CategoryItem.swift */ = {isa = PBXFileReference; lastKnownFileType = sourcecode.swift; path = CategoryItem.swift; sourceTree = "<group>"; };
		C7C161CB2B87E84D006871EB /* Businesses.swift */ = {isa = PBXFileReference; lastKnownFileType = sourcecode.swift; path = Businesses.swift; sourceTree = "<group>"; };
		C7C960CC2B95A342009EB190 /* Error.swift */ = {isa = PBXFileReference; lastKnownFileType = sourcecode.swift; path = Error.swift; sourceTree = "<group>"; };
		C7C960CE2B95A38F009EB190 /* headerSelectionView.swift */ = {isa = PBXFileReference; lastKnownFileType = sourcecode.swift; path = headerSelectionView.swift; sourceTree = "<group>"; };
/* End PBXFileReference section */

/* Begin PBXFrameworksBuildPhase section */
		C77ED71F2B7EF17600840A4A /* Frameworks */ = {
			isa = PBXFrameworksBuildPhase;
			buildActionMask = 2147483647;
			files = (
			);
			runOnlyForDeploymentPostprocessing = 0;
		};
		C77ED72F2B7EF17800840A4A /* Frameworks */ = {
			isa = PBXFrameworksBuildPhase;
			buildActionMask = 2147483647;
			files = (
			);
			runOnlyForDeploymentPostprocessing = 0;
		};
		C77ED7392B7EF17800840A4A /* Frameworks */ = {
			isa = PBXFrameworksBuildPhase;
			buildActionMask = 2147483647;
			files = (
			);
			runOnlyForDeploymentPostprocessing = 0;
		};
/* End PBXFrameworksBuildPhase section */

/* Begin PBXGroup section */
		C728F7AD2BA4B6C800A5E1E1 /* Constants */ = {
			isa = PBXGroup;
			children = (
				C728F7AE2BA4B6D900A5E1E1 /* Constants.swift */,
			);
			path = Constants;
			sourceTree = "<group>";
		};
		C77ED7192B7EF17600840A4A = {
			isa = PBXGroup;
			children = (
				C77ED7242B7EF17600840A4A /* FoodGamew */,
				C77ED7352B7EF17800840A4A /* FoodGamewTests */,
				C77ED73F2B7EF17800840A4A /* FoodGamewUITests */,
				C77ED7232B7EF17600840A4A /* Products */,
			);
			sourceTree = "<group>";
		};
		C77ED7232B7EF17600840A4A /* Products */ = {
			isa = PBXGroup;
			children = (
				C77ED7222B7EF17600840A4A /* FoodGamew.app */,
				C77ED7322B7EF17800840A4A /* FoodGamewTests.xctest */,
				C77ED73C2B7EF17800840A4A /* FoodGamewUITests.xctest */,
			);
			name = Products;
			sourceTree = "<group>";
		};
		C77ED7242B7EF17600840A4A /* FoodGamew */ = {
			isa = PBXGroup;
			children = (
				C728F7AD2BA4B6C800A5E1E1 /* Constants */,
				C77ED7252B7EF17600840A4A /* FoodGamewApp.swift */,
				C7C161BC2B86AC8D006871EB /* Components */,
				C7C161BB2B86ABE4006871EB /* Views */,
				C7C161B62B86A035006871EB /* Models */,
				C77ED7292B7EF17800840A4A /* Assets.xcassets */,
				C77ED72B2B7EF17800840A4A /* Preview Content */,
			);
			path = FoodGamew;
			sourceTree = "<group>";
		};
		C77ED72B2B7EF17800840A4A /* Preview Content */ = {
			isa = PBXGroup;
			children = (
				C77ED72C2B7EF17800840A4A /* Preview Assets.xcassets */,
			);
			path = "Preview Content";
			sourceTree = "<group>";
		};
		C77ED7352B7EF17800840A4A /* FoodGamewTests */ = {
			isa = PBXGroup;
			children = (
				C77ED7362B7EF17800840A4A /* FoodGamewTests.swift */,
			);
			path = FoodGamewTests;
			sourceTree = "<group>";
		};
		C77ED73F2B7EF17800840A4A /* FoodGamewUITests */ = {
			isa = PBXGroup;
			children = (
				C77ED7402B7EF17800840A4A /* FoodGamewUITests.swift */,
				C77ED7422B7EF17800840A4A /* FoodGamewUITestsLaunchTests.swift */,
			);
			path = FoodGamewUITests;
			sourceTree = "<group>";
		};
		C7C161B62B86A035006871EB /* Models */ = {
			isa = PBXGroup;
			children = (
				C7C161B72B86A053006871EB /* Restaurant.swift */,
				C7C161C12B86B103006871EB /* CategoryItem.swift */,
				C7C161B92B86A43D006871EB /* Network.swift */,
				C7C161CB2B87E84D006871EB /* Businesses.swift */,
				C7C960CC2B95A342009EB190 /* Error.swift */,
			);
			path = Models;
			sourceTree = "<group>";
		};
		C7C161BB2B86ABE4006871EB /* Views */ = {
			isa = PBXGroup;
			children = (
				C7C161B42B869DB4006871EB /* QuestionView.swift */,
				C76D6A952B891F0200058C66 /* DisplayResults.swift */,
				C76BDBFE2B8547FE00942503 /* SelectionView.swift */,
				C77ED7272B7EF17600840A4A /* ContentView.swift */,
				C7C960CE2B95A38F009EB190 /* headerSelectionView.swift */,
			);
			path = Views;
			sourceTree = "<group>";
		};
		C7C161BC2B86AC8D006871EB /* Components */ = {
			isa = PBXGroup;
			children = (
				C7C161BD2B86AC9D006871EB /* Question.swift */,
				C7C161BF2B86ADA5006871EB /* GameCard.swift */,
				C71B53502B8EA05F00D2E06E /* CardButton.swift */,
				C71B53522B9196D600D2E06E /* PriceSelectionView.swift */,
				C728F7AB2BA37BE200A5E1E1 /* ProgressBar.swift */,
				C749CDA52BA8967400E0F9E0 /* LoadingScreen.swift */,
			);
			path = Components;
			sourceTree = "<group>";
		};
/* End PBXGroup section */

/* Begin PBXNativeTarget section */
		C77ED7212B7EF17600840A4A /* FoodGamew */ = {
			isa = PBXNativeTarget;
			buildConfigurationList = C77ED7462B7EF17800840A4A /* Build configuration list for PBXNativeTarget "FoodGamew" */;
			buildPhases = (
				C77ED71E2B7EF17600840A4A /* Sources */,
				C77ED71F2B7EF17600840A4A /* Frameworks */,
				C77ED7202B7EF17600840A4A /* Resources */,
			);
			buildRules = (
			);
			dependencies = (
			);
			name = FoodGamew;
			productName = FoodGamew;
			productReference = C77ED7222B7EF17600840A4A /* FoodGamew.app */;
			productType = "com.apple.product-type.application";
		};
		C77ED7312B7EF17800840A4A /* FoodGamewTests */ = {
			isa = PBXNativeTarget;
			buildConfigurationList = C77ED7492B7EF17800840A4A /* Build configuration list for PBXNativeTarget "FoodGamewTests" */;
			buildPhases = (
				C77ED72E2B7EF17800840A4A /* Sources */,
				C77ED72F2B7EF17800840A4A /* Frameworks */,
				C77ED7302B7EF17800840A4A /* Resources */,
			);
			buildRules = (
			);
			dependencies = (
				C77ED7342B7EF17800840A4A /* PBXTargetDependency */,
			);
			name = FoodGamewTests;
			productName = FoodGamewTests;
			productReference = C77ED7322B7EF17800840A4A /* FoodGamewTests.xctest */;
			productType = "com.apple.product-type.bundle.unit-test";
		};
		C77ED73B2B7EF17800840A4A /* FoodGamewUITests */ = {
			isa = PBXNativeTarget;
			buildConfigurationList = C77ED74C2B7EF17800840A4A /* Build configuration list for PBXNativeTarget "FoodGamewUITests" */;
			buildPhases = (
				C77ED7382B7EF17800840A4A /* Sources */,
				C77ED7392B7EF17800840A4A /* Frameworks */,
				C77ED73A2B7EF17800840A4A /* Resources */,
			);
			buildRules = (
			);
			dependencies = (
				C77ED73E2B7EF17800840A4A /* PBXTargetDependency */,
			);
			name = FoodGamewUITests;
			productName = FoodGamewUITests;
			productReference = C77ED73C2B7EF17800840A4A /* FoodGamewUITests.xctest */;
			productType = "com.apple.product-type.bundle.ui-testing";
		};
/* End PBXNativeTarget section */

/* Begin PBXProject section */
		C77ED71A2B7EF17600840A4A /* Project object */ = {
			isa = PBXProject;
			attributes = {
				BuildIndependentTargetsInParallel = 1;
				LastSwiftUpdateCheck = 1320;
				LastUpgradeCheck = 1520;
				TargetAttributes = {
					C77ED7212B7EF17600840A4A = {
						CreatedOnToolsVersion = 13.2.1;
					};
					C77ED7312B7EF17800840A4A = {
						CreatedOnToolsVersion = 13.2.1;
						TestTargetID = C77ED7212B7EF17600840A4A;
					};
					C77ED73B2B7EF17800840A4A = {
						CreatedOnToolsVersion = 13.2.1;
						TestTargetID = C77ED7212B7EF17600840A4A;
					};
				};
			};
			buildConfigurationList = C77ED71D2B7EF17600840A4A /* Build configuration list for PBXProject "FoodGamew" */;
			compatibilityVersion = "Xcode 13.0";
			developmentRegion = en;
			hasScannedForEncodings = 0;
			knownRegions = (
				en,
				Base,
			);
			mainGroup = C77ED7192B7EF17600840A4A;
			productRefGroup = C77ED7232B7EF17600840A4A /* Products */;
			projectDirPath = "";
			projectRoot = "";
			targets = (
				C77ED7212B7EF17600840A4A /* FoodGamew */,
				C77ED7312B7EF17800840A4A /* FoodGamewTests */,
				C77ED73B2B7EF17800840A4A /* FoodGamewUITests */,
			);
		};
/* End PBXProject section */

/* Begin PBXResourcesBuildPhase section */
		C77ED7202B7EF17600840A4A /* Resources */ = {
			isa = PBXResourcesBuildPhase;
			buildActionMask = 2147483647;
			files = (
				C77ED72D2B7EF17800840A4A /* Preview Assets.xcassets in Resources */,
				C77ED72A2B7EF17800840A4A /* Assets.xcassets in Resources */,
			);
			runOnlyForDeploymentPostprocessing = 0;
		};
		C77ED7302B7EF17800840A4A /* Resources */ = {
			isa = PBXResourcesBuildPhase;
			buildActionMask = 2147483647;
			files = (
			);
			runOnlyForDeploymentPostprocessing = 0;
		};
		C77ED73A2B7EF17800840A4A /* Resources */ = {
			isa = PBXResourcesBuildPhase;
			buildActionMask = 2147483647;
			files = (
			);
			runOnlyForDeploymentPostprocessing = 0;
		};
/* End PBXResourcesBuildPhase section */

/* Begin PBXSourcesBuildPhase section */
		C77ED71E2B7EF17600840A4A /* Sources */ = {
			isa = PBXSourcesBuildPhase;
			buildActionMask = 2147483647;
			files = (
				C7C161B52B869DB4006871EB /* QuestionView.swift in Sources */,
				C728F7AF2BA4B6D900A5E1E1 /* Constants.swift in Sources */,
				C71B53512B8EA05F00D2E06E /* CardButton.swift in Sources */,
				C7C161C02B86ADA5006871EB /* GameCard.swift in Sources */,
				C7C161BE2B86AC9D006871EB /* Question.swift in Sources */,
				C7C161CC2B87E84D006871EB /* Businesses.swift in Sources */,
				C77ED7282B7EF17600840A4A /* ContentView.swift in Sources */,
				C728F7AC2BA37BE200A5E1E1 /* ProgressBar.swift in Sources */,
				C76D6A962B891F0200058C66 /* DisplayResults.swift in Sources */,
				C749CDA62BA8967400E0F9E0 /* LoadingScreen.swift in Sources */,
				C7C161B82B86A053006871EB /* Restaurant.swift in Sources */,
				C71B53532B9196D600D2E06E /* PriceSelectionView.swift in Sources */,
				C7C161C22B86B103006871EB /* CategoryItem.swift in Sources */,
				C77ED7262B7EF17600840A4A /* FoodGamewApp.swift in Sources */,
				C7C960CF2B95A38F009EB190 /* headerSelectionView.swift in Sources */,
				C7C161BA2B86A43D006871EB /* Network.swift in Sources */,
				C7C960CD2B95A342009EB190 /* Error.swift in Sources */,
				C76BDBFF2B8547FE00942503 /* SelectionView.swift in Sources */,
			);
			runOnlyForDeploymentPostprocessing = 0;
		};
		C77ED72E2B7EF17800840A4A /* Sources */ = {
			isa = PBXSourcesBuildPhase;
			buildActionMask = 2147483647;
			files = (
				C77ED7372B7EF17800840A4A /* FoodGamewTests.swift in Sources */,
			);
			runOnlyForDeploymentPostprocessing = 0;
		};
		C77ED7382B7EF17800840A4A /* Sources */ = {
			isa = PBXSourcesBuildPhase;
			buildActionMask = 2147483647;
			files = (
				C77ED7432B7EF17800840A4A /* FoodGamewUITestsLaunchTests.swift in Sources */,
				C77ED7412B7EF17800840A4A /* FoodGamewUITests.swift in Sources */,
			);
			runOnlyForDeploymentPostprocessing = 0;
		};
/* End PBXSourcesBuildPhase section */

/* Begin PBXTargetDependency section */
		C77ED7342B7EF17800840A4A /* PBXTargetDependency */ = {
			isa = PBXTargetDependency;
			target = C77ED7212B7EF17600840A4A /* FoodGamew */;
			targetProxy = C77ED7332B7EF17800840A4A /* PBXContainerItemProxy */;
		};
		C77ED73E2B7EF17800840A4A /* PBXTargetDependency */ = {
			isa = PBXTargetDependency;
			target = C77ED7212B7EF17600840A4A /* FoodGamew */;
			targetProxy = C77ED73D2B7EF17800840A4A /* PBXContainerItemProxy */;
		};
/* End PBXTargetDependency section */

/* Begin XCBuildConfiguration section */
		C77ED7442B7EF17800840A4A /* Debug */ = {
			isa = XCBuildConfiguration;
			buildSettings = {
				ALWAYS_SEARCH_USER_PATHS = NO;
				CLANG_ANALYZER_NONNULL = YES;
				CLANG_ANALYZER_NUMBER_OBJECT_CONVERSION = YES_AGGRESSIVE;
				CLANG_CXX_LANGUAGE_STANDARD = "gnu++17";
				CLANG_CXX_LIBRARY = "libc++";
				CLANG_ENABLE_MODULES = YES;
				CLANG_ENABLE_OBJC_ARC = YES;
				CLANG_ENABLE_OBJC_WEAK = YES;
				CLANG_WARN_BLOCK_CAPTURE_AUTORELEASING = YES;
				CLANG_WARN_BOOL_CONVERSION = YES;
				CLANG_WARN_COMMA = YES;
				CLANG_WARN_CONSTANT_CONVERSION = YES;
				CLANG_WARN_DEPRECATED_OBJC_IMPLEMENTATIONS = YES;
				CLANG_WARN_DIRECT_OBJC_ISA_USAGE = YES_ERROR;
				CLANG_WARN_DOCUMENTATION_COMMENTS = YES;
				CLANG_WARN_EMPTY_BODY = YES;
				CLANG_WARN_ENUM_CONVERSION = YES;
				CLANG_WARN_INFINITE_RECURSION = YES;
				CLANG_WARN_INT_CONVERSION = YES;
				CLANG_WARN_NON_LITERAL_NULL_CONVERSION = YES;
				CLANG_WARN_OBJC_IMPLICIT_RETAIN_SELF = YES;
				CLANG_WARN_OBJC_LITERAL_CONVERSION = YES;
				CLANG_WARN_OBJC_ROOT_CLASS = YES_ERROR;
				CLANG_WARN_QUOTED_INCLUDE_IN_FRAMEWORK_HEADER = YES;
				CLANG_WARN_RANGE_LOOP_ANALYSIS = YES;
				CLANG_WARN_STRICT_PROTOTYPES = YES;
				CLANG_WARN_SUSPICIOUS_MOVE = YES;
				CLANG_WARN_UNGUARDED_AVAILABILITY = YES_AGGRESSIVE;
				CLANG_WARN_UNREACHABLE_CODE = YES;
				CLANG_WARN__DUPLICATE_METHOD_MATCH = YES;
				COPY_PHASE_STRIP = NO;
				DEBUG_INFORMATION_FORMAT = dwarf;
				ENABLE_STRICT_OBJC_MSGSEND = YES;
				ENABLE_TESTABILITY = YES;
				ENABLE_USER_SCRIPT_SANDBOXING = YES;
				GCC_C_LANGUAGE_STANDARD = gnu11;
				GCC_DYNAMIC_NO_PIC = NO;
				GCC_NO_COMMON_BLOCKS = YES;
				GCC_OPTIMIZATION_LEVEL = 0;
				GCC_PREPROCESSOR_DEFINITIONS = (
					"DEBUG=1",
					"$(inherited)",
				);
				GCC_WARN_64_TO_32_BIT_CONVERSION = YES;
				GCC_WARN_ABOUT_RETURN_TYPE = YES_ERROR;
				GCC_WARN_UNDECLARED_SELECTOR = YES;
				GCC_WARN_UNINITIALIZED_AUTOS = YES_AGGRESSIVE;
				GCC_WARN_UNUSED_FUNCTION = YES;
				GCC_WARN_UNUSED_VARIABLE = YES;
				IPHONEOS_DEPLOYMENT_TARGET = 15.2;
				MTL_ENABLE_DEBUG_INFO = INCLUDE_SOURCE;
				MTL_FAST_MATH = YES;
				ONLY_ACTIVE_ARCH = YES;
				SDKROOT = iphoneos;
				SWIFT_ACTIVE_COMPILATION_CONDITIONS = DEBUG;
				SWIFT_OPTIMIZATION_LEVEL = "-Onone";
			};
			name = Debug;
		};
		C77ED7452B7EF17800840A4A /* Release */ = {
			isa = XCBuildConfiguration;
			buildSettings = {
				ALWAYS_SEARCH_USER_PATHS = NO;
				CLANG_ANALYZER_NONNULL = YES;
				CLANG_ANALYZER_NUMBER_OBJECT_CONVERSION = YES_AGGRESSIVE;
				CLANG_CXX_LANGUAGE_STANDARD = "gnu++17";
				CLANG_CXX_LIBRARY = "libc++";
				CLANG_ENABLE_MODULES = YES;
				CLANG_ENABLE_OBJC_ARC = YES;
				CLANG_ENABLE_OBJC_WEAK = YES;
				CLANG_WARN_BLOCK_CAPTURE_AUTORELEASING = YES;
				CLANG_WARN_BOOL_CONVERSION = YES;
				CLANG_WARN_COMMA = YES;
				CLANG_WARN_CONSTANT_CONVERSION = YES;
				CLANG_WARN_DEPRECATED_OBJC_IMPLEMENTATIONS = YES;
				CLANG_WARN_DIRECT_OBJC_ISA_USAGE = YES_ERROR;
				CLANG_WARN_DOCUMENTATION_COMMENTS = YES;
				CLANG_WARN_EMPTY_BODY = YES;
				CLANG_WARN_ENUM_CONVERSION = YES;
				CLANG_WARN_INFINITE_RECURSION = YES;
				CLANG_WARN_INT_CONVERSION = YES;
				CLANG_WARN_NON_LITERAL_NULL_CONVERSION = YES;
				CLANG_WARN_OBJC_IMPLICIT_RETAIN_SELF = YES;
				CLANG_WARN_OBJC_LITERAL_CONVERSION = YES;
				CLANG_WARN_OBJC_ROOT_CLASS = YES_ERROR;
				CLANG_WARN_QUOTED_INCLUDE_IN_FRAMEWORK_HEADER = YES;
				CLANG_WARN_RANGE_LOOP_ANALYSIS = YES;
				CLANG_WARN_STRICT_PROTOTYPES = YES;
				CLANG_WARN_SUSPICIOUS_MOVE = YES;
				CLANG_WARN_UNGUARDED_AVAILABILITY = YES_AGGRESSIVE;
				CLANG_WARN_UNREACHABLE_CODE = YES;
				CLANG_WARN__DUPLICATE_METHOD_MATCH = YES;
				COPY_PHASE_STRIP = NO;
				DEBUG_INFORMATION_FORMAT = "dwarf-with-dsym";
				ENABLE_NS_ASSERTIONS = NO;
				ENABLE_STRICT_OBJC_MSGSEND = YES;
				ENABLE_USER_SCRIPT_SANDBOXING = YES;
				GCC_C_LANGUAGE_STANDARD = gnu11;
				GCC_NO_COMMON_BLOCKS = YES;
				GCC_WARN_64_TO_32_BIT_CONVERSION = YES;
				GCC_WARN_ABOUT_RETURN_TYPE = YES_ERROR;
				GCC_WARN_UNDECLARED_SELECTOR = YES;
				GCC_WARN_UNINITIALIZED_AUTOS = YES_AGGRESSIVE;
				GCC_WARN_UNUSED_FUNCTION = YES;
				GCC_WARN_UNUSED_VARIABLE = YES;
				IPHONEOS_DEPLOYMENT_TARGET = 15.2;
				MTL_ENABLE_DEBUG_INFO = NO;
				MTL_FAST_MATH = YES;
				SDKROOT = iphoneos;
				SWIFT_COMPILATION_MODE = wholemodule;
				SWIFT_OPTIMIZATION_LEVEL = "-O";
				VALIDATE_PRODUCT = YES;
			};
			name = Release;
		};
		C77ED7472B7EF17800840A4A /* Debug */ = {
			isa = XCBuildConfiguration;
			buildSettings = {
				ASSETCATALOG_COMPILER_APPICON_NAME = AppIcon;
				ASSETCATALOG_COMPILER_GLOBAL_ACCENT_COLOR_NAME = AccentColor;
				CODE_SIGN_STYLE = Automatic;
				CURRENT_PROJECT_VERSION = 1;
				DEVELOPMENT_ASSET_PATHS = "\"FoodGamew/Preview Content\"";
				DEVELOPMENT_TEAM = RQDL2TA7ZS;
				ENABLE_PREVIEWS = YES;
				GENERATE_INFOPLIST_FILE = YES;
				INFOPLIST_KEY_NSLocationWhenInUseUsageDescription = "Allow to view Location";
				INFOPLIST_KEY_UIApplicationSceneManifest_Generation = YES;
				INFOPLIST_KEY_UIApplicationSupportsIndirectInputEvents = YES;
				INFOPLIST_KEY_UILaunchScreen_Generation = YES;
				INFOPLIST_KEY_UISupportedInterfaceOrientations_iPad = "UIInterfaceOrientationPortrait UIInterfaceOrientationPortraitUpsideDown UIInterfaceOrientationLandscapeLeft UIInterfaceOrientationLandscapeRight";
				INFOPLIST_KEY_UISupportedInterfaceOrientations_iPhone = "UIInterfaceOrientationPortrait UIInterfaceOrientationLandscapeLeft UIInterfaceOrientationLandscapeRight";
				LD_RUNPATH_SEARCH_PATHS = (
					"$(inherited)",
					"@executable_path/Frameworks",
				);
				MARKETING_VERSION = 1.0;
				PRODUCT_BUNDLE_IDENTIFIER = Oleg.FoodGamew;
				PRODUCT_NAME = "$(TARGET_NAME)";
				SWIFT_EMIT_LOC_STRINGS = YES;
				SWIFT_VERSION = 5.0;
				TARGETED_DEVICE_FAMILY = "1,2";
			};
			name = Debug;
		};
		C77ED7482B7EF17800840A4A /* Release */ = {
			isa = XCBuildConfiguration;
			buildSettings = {
				ASSETCATALOG_COMPILER_APPICON_NAME = AppIcon;
				ASSETCATALOG_COMPILER_GLOBAL_ACCENT_COLOR_NAME = AccentColor;
				CODE_SIGN_STYLE = Automatic;
				CURRENT_PROJECT_VERSION = 1;
				DEVELOPMENT_ASSET_PATHS = "\"FoodGamew/Preview Content\"";
				DEVELOPMENT_TEAM = RQDL2TA7ZS;
				ENABLE_PREVIEWS = YES;
				GENERATE_INFOPLIST_FILE = YES;
				INFOPLIST_KEY_NSLocationWhenInUseUsageDescription = "Allow to view Location";
				INFOPLIST_KEY_UIApplicationSceneManifest_Generation = YES;
				INFOPLIST_KEY_UIApplicationSupportsIndirectInputEvents = YES;
				INFOPLIST_KEY_UILaunchScreen_Generation = YES;
				INFOPLIST_KEY_UISupportedInterfaceOrientations_iPad = "UIInterfaceOrientationPortrait UIInterfaceOrientationPortraitUpsideDown UIInterfaceOrientationLandscapeLeft UIInterfaceOrientationLandscapeRight";
				INFOPLIST_KEY_UISupportedInterfaceOrientations_iPhone = "UIInterfaceOrientationPortrait UIInterfaceOrientationLandscapeLeft UIInterfaceOrientationLandscapeRight";
				LD_RUNPATH_SEARCH_PATHS = (
					"$(inherited)",
					"@executable_path/Frameworks",
				);
				MARKETING_VERSION = 1.0;
				PRODUCT_BUNDLE_IDENTIFIER = Oleg.FoodGamew;
				PRODUCT_NAME = "$(TARGET_NAME)";
				SWIFT_EMIT_LOC_STRINGS = YES;
				SWIFT_VERSION = 5.0;
				TARGETED_DEVICE_FAMILY = "1,2";
			};
			name = Release;
		};
		C77ED74A2B7EF17800840A4A /* Debug */ = {
			isa = XCBuildConfiguration;
			buildSettings = {
				ALWAYS_EMBED_SWIFT_STANDARD_LIBRARIES = YES;
				BUNDLE_LOADER = "$(TEST_HOST)";
				CODE_SIGN_STYLE = Automatic;
				CURRENT_PROJECT_VERSION = 1;
				GENERATE_INFOPLIST_FILE = YES;
				IPHONEOS_DEPLOYMENT_TARGET = 15.2;
				MARKETING_VERSION = 1.0;
				PRODUCT_BUNDLE_IDENTIFIER = Oleg.FoodGamewTests;
				PRODUCT_NAME = "$(TARGET_NAME)";
				SWIFT_EMIT_LOC_STRINGS = NO;
				SWIFT_VERSION = 5.0;
				TARGETED_DEVICE_FAMILY = "1,2";
				TEST_HOST = "$(BUILT_PRODUCTS_DIR)/FoodGamew.app/FoodGamew";
			};
			name = Debug;
		};
		C77ED74B2B7EF17800840A4A /* Release */ = {
			isa = XCBuildConfiguration;
			buildSettings = {
				ALWAYS_EMBED_SWIFT_STANDARD_LIBRARIES = YES;
				BUNDLE_LOADER = "$(TEST_HOST)";
				CODE_SIGN_STYLE = Automatic;
				CURRENT_PROJECT_VERSION = 1;
				GENERATE_INFOPLIST_FILE = YES;
				IPHONEOS_DEPLOYMENT_TARGET = 15.2;
				MARKETING_VERSION = 1.0;
				PRODUCT_BUNDLE_IDENTIFIER = Oleg.FoodGamewTests;
				PRODUCT_NAME = "$(TARGET_NAME)";
				SWIFT_EMIT_LOC_STRINGS = NO;
				SWIFT_VERSION = 5.0;
				TARGETED_DEVICE_FAMILY = "1,2";
				TEST_HOST = "$(BUILT_PRODUCTS_DIR)/FoodGamew.app/FoodGamew";
			};
			name = Release;
		};
		C77ED74D2B7EF17800840A4A /* Debug */ = {
			isa = XCBuildConfiguration;
			buildSettings = {
				ALWAYS_EMBED_SWIFT_STANDARD_LIBRARIES = YES;
				CODE_SIGN_STYLE = Automatic;
				CURRENT_PROJECT_VERSION = 1;
				GENERATE_INFOPLIST_FILE = YES;
				MARKETING_VERSION = 1.0;
				PRODUCT_BUNDLE_IDENTIFIER = Oleg.FoodGamewUITests;
				PRODUCT_NAME = "$(TARGET_NAME)";
				SWIFT_EMIT_LOC_STRINGS = NO;
				SWIFT_VERSION = 5.0;
				TARGETED_DEVICE_FAMILY = "1,2";
				TEST_TARGET_NAME = FoodGamew;
			};
			name = Debug;
		};
		C77ED74E2B7EF17800840A4A /* Release */ = {
			isa = XCBuildConfiguration;
			buildSettings = {
				ALWAYS_EMBED_SWIFT_STANDARD_LIBRARIES = YES;
				CODE_SIGN_STYLE = Automatic;
				CURRENT_PROJECT_VERSION = 1;
				GENERATE_INFOPLIST_FILE = YES;
				MARKETING_VERSION = 1.0;
				PRODUCT_BUNDLE_IDENTIFIER = Oleg.FoodGamewUITests;
				PRODUCT_NAME = "$(TARGET_NAME)";
				SWIFT_EMIT_LOC_STRINGS = NO;
				SWIFT_VERSION = 5.0;
				TARGETED_DEVICE_FAMILY = "1,2";
				TEST_TARGET_NAME = FoodGamew;
			};
			name = Release;
		};
/* End XCBuildConfiguration section */

/* Begin XCConfigurationList section */
		C77ED71D2B7EF17600840A4A /* Build configuration list for PBXProject "FoodGamew" */ = {
			isa = XCConfigurationList;
			buildConfigurations = (
				C77ED7442B7EF17800840A4A /* Debug */,
				C77ED7452B7EF17800840A4A /* Release */,
			);
			defaultConfigurationIsVisible = 0;
			defaultConfigurationName = Release;
		};
		C77ED7462B7EF17800840A4A /* Build configuration list for PBXNativeTarget "FoodGamew" */ = {
			isa = XCConfigurationList;
			buildConfigurations = (
				C77ED7472B7EF17800840A4A /* Debug */,
				C77ED7482B7EF17800840A4A /* Release */,
			);
			defaultConfigurationIsVisible = 0;
			defaultConfigurationName = Release;
		};
		C77ED7492B7EF17800840A4A /* Build configuration list for PBXNativeTarget "FoodGamewTests" */ = {
			isa = XCConfigurationList;
			buildConfigurations = (
				C77ED74A2B7EF17800840A4A /* Debug */,
				C77ED74B2B7EF17800840A4A /* Release */,
			);
			defaultConfigurationIsVisible = 0;
			defaultConfigurationName = Release;
		};
		C77ED74C2B7EF17800840A4A /* Build configuration list for PBXNativeTarget "FoodGamewUITests" */ = {
			isa = XCConfigurationList;
			buildConfigurations = (
				C77ED74D2B7EF17800840A4A /* Debug */,
				C77ED74E2B7EF17800840A4A /* Release */,
			);
			defaultConfigurationIsVisible = 0;
			defaultConfigurationName = Release;
		};
/* End XCConfigurationList section */
	};
	rootObject = C77ED71A2B7EF17600840A4A /* Project object */;
}
